
Microsoft Visual Studio Solution File, Format Version 12.00
# Visual Studio Version 17
VisualStudioVersion = 17.10.34928.147
MinimumVisualStudioVersion = 10.0.40219.1
Project("{9A19103F-16F7-4668-BE54-9A1E7A4F7556}") = "Priemka.API", "Priemka.API\Priemka.API.csproj", "{E713897A-27B7-47D3-B04E-B73E67FCE1F2}"
EndProject
Project("{9A19103F-16F7-4668-BE54-9A1E7A4F7556}") = "Priemka.Application", "Priemka.Application\Priemka.Application.csproj", "{EF5C210D-D30A-4621-A159-89DC69DA74BB}"
EndProject
Project("{9A19103F-16F7-4668-BE54-9A1E7A4F7556}") = "Priemka.Domain", "Priemka.Domain\Priemka.Domain.csproj", "{0FC1EB5E-40A0-477D-BA01-DC30DB2458E6}"
EndProject
Project("{9A19103F-16F7-4668-BE54-9A1E7A4F7556}") = "Priemka.Infrastructure", "Priemka.Infrastructure\Priemka.Infrastructure.csproj", "{0C3584E8-1842-4858-81D9-90CA545390BB}"
EndProject
Project("{E53339B2-1760-4266-BCC7-CA923CBCF16C}") = "docker-compose", "docker-compose.dcproj", "{4B04B315-D269-43E3-8E55-75DC9802D01A}"
EndProject
Global
	GlobalSection(SolutionConfigurationPlatforms) = preSolution
		Debug|Any CPU = Debug|Any CPU
		Release|Any CPU = Release|Any CPU
	EndGlobalSection
	GlobalSection(ProjectConfigurationPlatforms) = postSolution
		{E713897A-27B7-47D3-B04E-B73E67FCE1F2}.Debug|Any CPU.ActiveCfg = Debug|Any CPU
		{E713897A-27B7-47D3-B04E-B73E67FCE1F2}.Debug|Any CPU.Build.0 = Debug|Any CPU
		{E713897A-27B7-47D3-B04E-B73E67FCE1F2}.Release|Any CPU.ActiveCfg = Release|Any CPU
		{E713897A-27B7-47D3-B04E-B73E67FCE1F2}.Release|Any CPU.Build.0 = Release|Any CPU
		{EF5C210D-D30A-4621-A159-89DC69DA74BB}.Debug|Any CPU.ActiveCfg = Debug|Any CPU
		{EF5C210D-D30A-4621-A159-89DC69DA74BB}.Debug|Any CPU.Build.0 = Debug|Any CPU
		{EF5C210D-D30A-4621-A159-89DC69DA74BB}.Release|Any CPU.ActiveCfg = Release|Any CPU
		{EF5C210D-D30A-4621-A159-89DC69DA74BB}.Release|Any CPU.Build.0 = Release|Any CPU
		{0FC1EB5E-40A0-477D-BA01-DC30DB2458E6}.Debug|Any CPU.ActiveCfg = Debug|Any CPU
		{0FC1EB5E-40A0-477D-BA01-DC30DB2458E6}.Debug|Any CPU.Build.0 = Debug|Any CPU
		{0FC1EB5E-40A0-477D-BA01-DC30DB2458E6}.Release|Any CPU.ActiveCfg = Release|Any CPU
		{0FC1EB5E-40A0-477D-BA01-DC30DB2458E6}.Release|Any CPU.Build.0 = Release|Any CPU
		{0C3584E8-1842-4858-81D9-90CA545390BB}.Debug|Any CPU.ActiveCfg = Debug|Any CPU
		{0C3584E8-1842-4858-81D9-90CA545390BB}.Debug|Any CPU.Build.0 = Debug|Any CPU
		{0C3584E8-1842-4858-81D9-90CA545390BB}.Release|Any CPU.ActiveCfg = Release|Any CPU
		{0C3584E8-1842-4858-81D9-90CA545390BB}.Release|Any CPU.Build.0 = Release|Any CPU
		{4B04B315-D269-43E3-8E55-75DC9802D01A}.Debug|Any CPU.ActiveCfg = Debug|Any CPU
		{4B04B315-D269-43E3-8E55-75DC9802D01A}.Debug|Any CPU.Build.0 = Debug|Any CPU
		{4B04B315-D269-43E3-8E55-75DC9802D01A}.Release|Any CPU.ActiveCfg = Release|Any CPU
		{4B04B315-D269-43E3-8E55-75DC9802D01A}.Release|Any CPU.Build.0 = Release|Any CPU
	EndGlobalSection
	GlobalSection(SolutionProperties) = preSolution
		HideSolutionNode = FALSE
	EndGlobalSection
	GlobalSection(ExtensibilityGlobals) = postSolution
		SolutionGuid = {BA47495B-479D-4073-89E5-04AE90B81F21}
	EndGlobalSection
EndGlobal
